
Microsoft Visual Studio Solution File, Format Version 12.00
# Visual Studio Version 16
VisualStudioVersion = 16.0.31727.386
MinimumVisualStudioVersion = 10.0.40219.1
Project("{FAE04EC0-301F-11D3-BF4B-00C04F79EFBC}") = "CRUD_Personas_UWP", "CRUD_Personas_UWP\CRUD_Personas_UWP.csproj", "{64CD982B-A303-4380-8AAC-C540FD2C9D59}"
EndProject
Project("{9A19103F-16F7-4668-BE54-9A1E7A4F7556}") = "CRUD_Personas_DAL", "CRUD_Personas_DAL\CRUD_Personas_DAL.csproj", "{19956427-44F5-49D1-97ED-B263610C0288}"
EndProject
Project("{9A19103F-16F7-4668-BE54-9A1E7A4F7556}") = "CRUD_Personas_BL", "CRUD_Personas_BL\CRUD_Personas_BL.csproj", "{2114B8DF-6690-4996-AE11-D0BA99C12E16}"
EndProject
Project("{9A19103F-16F7-4668-BE54-9A1E7A4F7556}") = "CRUD_Personas_Entities", "CRUD_Personas_Entities\CRUD_Personas_Entities.csproj", "{612309E7-4217-4776-83F2-789524BDA25F}"
EndProject
Project("{FAE04EC0-301F-11D3-BF4B-00C04F79EFBC}") = "CRUD_Personas_ASP", "..\CRUD_Personas\CRUD_Personas_ASP\CRUD_Personas_ASP.csproj", "{B7CFC18D-71C6-438B-9915-4C57F8CBB96F}"
EndProject
Global
	GlobalSection(SolutionConfigurationPlatforms) = preSolution
		Debug|Any CPU = Debug|Any CPU
		Debug|ARM = Debug|ARM
		Debug|ARM64 = Debug|ARM64
		Debug|x64 = Debug|x64
		Debug|x86 = Debug|x86
		Release|Any CPU = Release|Any CPU
		Release|ARM = Release|ARM
		Release|ARM64 = Release|ARM64
		Release|x64 = Release|x64
		Release|x86 = Release|x86
	EndGlobalSection
	GlobalSection(ProjectConfigurationPlatforms) = postSolution
		{64CD982B-A303-4380-8AAC-C540FD2C9D59}.Debug|Any CPU.ActiveCfg = Debug|x86
		{64CD982B-A303-4380-8AAC-C540FD2C9D59}.Debug|ARM.ActiveCfg = Debug|ARM
		{64CD982B-A303-4380-8AAC-C540FD2C9D59}.Debug|ARM.Build.0 = Debug|ARM
		{64CD982B-A303-4380-8AAC-C540FD2C9D59}.Debug|ARM.Deploy.0 = Debug|ARM
		{64CD982B-A303-4380-8AAC-C540FD2C9D59}.Debug|ARM64.ActiveCfg = Debug|ARM64
		{64CD982B-A303-4380-8AAC-C540FD2C9D59}.Debug|ARM64.Build.0 = Debug|ARM64
		{64CD982B-A303-4380-8AAC-C540FD2C9D59}.Debug|ARM64.Deploy.0 = Debug|ARM64
		{64CD982B-A303-4380-8AAC-C540FD2C9D59}.Debug|x64.ActiveCfg = Debug|x64
		{64CD982B-A303-4380-8AAC-C540FD2C9D59}.Debug|x64.Build.0 = Debug|x64
		{64CD982B-A303-4380-8AAC-C540FD2C9D59}.Debug|x64.Deploy.0 = Debug|x64
		{64CD982B-A303-4380-8AAC-C540FD2C9D59}.Debug|x86.ActiveCfg = Debug|x86
		{64CD982B-A303-4380-8AAC-C540FD2C9D59}.Debug|x86.Build.0 = Debug|x86
		{64CD982B-A303-4380-8AAC-C540FD2C9D59}.Debug|x86.Deploy.0 = Debug|x86
		{64CD982B-A303-4380-8AAC-C540FD2C9D59}.Release|Any CPU.ActiveCfg = Release|x86
		{64CD982B-A303-4380-8AAC-C540FD2C9D59}.Release|ARM.ActiveCfg = Release|ARM
		{64CD982B-A303-4380-8AAC-C540FD2C9D59}.Release|ARM.Build.0 = Release|ARM
		{64CD982B-A303-4380-8AAC-C540FD2C9D59}.Release|ARM.Deploy.0 = Release|ARM
		{64CD982B-A303-4380-8AAC-C540FD2C9D59}.Release|ARM64.ActiveCfg = Release|ARM64
		{64CD982B-A303-4380-8AAC-C540FD2C9D59}.Release|ARM64.Build.0 = Release|ARM64
		{64CD982B-A303-4380-8AAC-C540FD2C9D59}.Release|ARM64.Deploy.0 = Release|ARM64
		{64CD982B-A303-4380-8AAC-C540FD2C9D59}.Release|x64.ActiveCfg = Release|x64
		{64CD982B-A303-4380-8AAC-C540FD2C9D59}.Release|x64.Build.0 = Release|x64
		{64CD982B-A303-4380-8AAC-C540FD2C9D59}.Release|x64.Deploy.0 = Release|x64
		{64CD982B-A303-4380-8AAC-C540FD2C9D59}.Release|x86.ActiveCfg = Release|x86
		{64CD982B-A303-4380-8AAC-C540FD2C9D59}.Release|x86.Build.0 = Release|x86
		{64CD982B-A303-4380-8AAC-C540FD2C9D59}.Release|x86.Deploy.0 = Release|x86
		{19956427-44F5-49D1-97ED-B263610C0288}.Debug|Any CPU.ActiveCfg = Debug|Any CPU
		{19956427-44F5-49D1-97ED-B263610C0288}.Debug|Any CPU.Build.0 = Debug|Any CPU
		{19956427-44F5-49D1-97ED-B263610C0288}.Debug|ARM.ActiveCfg = Debug|Any CPU
		{19956427-44F5-49D1-97ED-B263610C0288}.Debug|ARM.Build.0 = Debug|Any CPU
		{19956427-44F5-49D1-97ED-B263610C0288}.Debug|ARM64.ActiveCfg = Debug|Any CPU
		{19956427-44F5-49D1-97ED-B263610C0288}.Debug|ARM64.Build.0 = Debug|Any CPU
		{19956427-44F5-49D1-97ED-B263610C0288}.Debug|x64.ActiveCfg = Debug|Any CPU
		{19956427-44F5-49D1-97ED-B263610C0288}.Debug|x64.Build.0 = Debug|Any CPU
		{19956427-44F5-49D1-97ED-B263610C0288}.Debug|x86.ActiveCfg = Debug|Any CPU
		{19956427-44F5-49D1-97ED-B263610C0288}.Debug|x86.Build.0 = Debug|Any CPU
		{19956427-44F5-49D1-97ED-B263610C0288}.Release|Any CPU.ActiveCfg = Release|Any CPU
		{19956427-44F5-49D1-97ED-B263610C0288}.Release|Any CPU.Build.0 = Release|Any CPU
		{19956427-44F5-49D1-97ED-B263610C0288}.Release|ARM.ActiveCfg = Release|Any CPU
		{19956427-44F5-49D1-97ED-B263610C0288}.Release|ARM.Build.0 = Release|Any CPU
		{19956427-44F5-49D1-97ED-B263610C0288}.Release|ARM64.ActiveCfg = Release|Any CPU
		{19956427-44F5-49D1-97ED-B263610C0288}.Release|ARM64.Build.0 = Release|Any CPU
		{19956427-44F5-49D1-97ED-B263610C0288}.Release|x64.ActiveCfg = Release|Any CPU
		{19956427-44F5-49D1-97ED-B263610C0288}.Release|x64.Build.0 = Release|Any CPU
		{19956427-44F5-49D1-97ED-B263610C0288}.Release|x86.ActiveCfg = Release|Any CPU
		{19956427-44F5-49D1-97ED-B263610C0288}.Release|x86.Build.0 = Release|Any CPU
		{2114B8DF-6690-4996-AE11-D0BA99C12E16}.Debug|Any CPU.ActiveCfg = Debug|Any CPU
		{2114B8DF-6690-4996-AE11-D0BA99C12E16}.Debug|Any CPU.Build.0 = Debug|Any CPU
		{2114B8DF-6690-4996-AE11-D0BA99C12E16}.Debug|ARM.ActiveCfg = Debug|Any CPU
		{2114B8DF-6690-4996-AE11-D0BA99C12E16}.Debug|ARM.Build.0 = Debug|Any CPU
		{2114B8DF-6690-4996-AE11-D0BA99C12E16}.Debug|ARM64.ActiveCfg = Debug|Any CPU
		{2114B8DF-6690-4996-AE11-D0BA99C12E16}.Debug|ARM64.Build.0 = Debug|Any CPU
		{2114B8DF-6690-4996-AE11-D0BA99C12E16}.Debug|x64.ActiveCfg = Debug|Any CPU
		{2114B8DF-6690-4996-AE11-D0BA99C12E16}.Debug|x64.Build.0 = Debug|Any CPU
		{2114B8DF-6690-4996-AE11-D0BA99C12E16}.Debug|x86.ActiveCfg = Debug|Any CPU
		{2114B8DF-6690-4996-AE11-D0BA99C12E16}.Debug|x86.Build.0 = Debug|Any CPU
		{2114B8DF-6690-4996-AE11-D0BA99C12E16}.Release|Any CPU.ActiveCfg = Release|Any CPU
		{2114B8DF-6690-4996-AE11-D0BA99C12E16}.Release|Any CPU.Build.0 = Release|Any CPU
		{2114B8DF-6690-4996-AE11-D0BA99C12E16}.Release|ARM.ActiveCfg = Release|Any CPU
		{2114B8DF-6690-4996-AE11-D0BA99C12E16}.Release|ARM.Build.0 = Release|Any CPU
		{2114B8DF-6690-4996-AE11-D0BA99C12E16}.Release|ARM64.ActiveCfg = Release|Any CPU
		{2114B8DF-6690-4996-AE11-D0BA99C12E16}.Release|ARM64.Build.0 = Release|Any CPU
		{2114B8DF-6690-4996-AE11-D0BA99C12E16}.Release|x64.ActiveCfg = Release|Any CPU
		{2114B8DF-6690-4996-AE11-D0BA99C12E16}.Release|x64.Build.0 = Release|Any CPU
		{2114B8DF-6690-4996-AE11-D0BA99C12E16}.Release|x86.ActiveCfg = Release|Any CPU
		{2114B8DF-6690-4996-AE11-D0BA99C12E16}.Release|x86.Build.0 = Release|Any CPU
		{612309E7-4217-4776-83F2-789524BDA25F}.Debug|Any CPU.ActiveCfg = Debug|Any CPU
		{612309E7-4217-4776-83F2-789524BDA25F}.Debug|Any CPU.Build.0 = Debug|Any CPU
		{612309E7-4217-4776-83F2-789524BDA25F}.Debug|ARM.ActiveCfg = Debug|Any CPU
		{612309E7-4217-4776-83F2-789524BDA25F}.Debug|ARM.Build.0 = Debug|Any CPU
		{612309E7-4217-4776-83F2-789524BDA25F}.Debug|ARM64.ActiveCfg = Debug|Any CPU
		{612309E7-4217-4776-83F2-789524BDA25F}.Debug|ARM64.Build.0 = Debug|Any CPU
		{612309E7-4217-4776-83F2-789524BDA25F}.Debug|x64.ActiveCfg = Debug|Any CPU
		{612309E7-4217-4776-83F2-789524BDA25F}.Debug|x64.Build.0 = Debug|Any CPU
		{612309E7-4217-4776-83F2-789524BDA25F}.Debug|x86.ActiveCfg = Debug|Any CPU
		{612309E7-4217-4776-83F2-789524BDA25F}.Debug|x86.Build.0 = Debug|Any CPU
		{612309E7-4217-4776-83F2-789524BDA25F}.Release|Any CPU.ActiveCfg = Release|Any CPU
		{612309E7-4217-4776-83F2-789524BDA25F}.Release|Any CPU.Build.0 = Release|Any CPU
		{612309E7-4217-4776-83F2-789524BDA25F}.Release|ARM.ActiveCfg = Release|Any CPU
		{612309E7-4217-4776-83F2-789524BDA25F}.Release|ARM.Build.0 = Release|Any CPU
		{612309E7-4217-4776-83F2-789524BDA25F}.Release|ARM64.ActiveCfg = Release|Any CPU
		{612309E7-4217-4776-83F2-789524BDA25F}.Release|ARM64.Build.0 = Release|Any CPU
		{612309E7-4217-4776-83F2-789524BDA25F}.Release|x64.ActiveCfg = Release|Any CPU
		{612309E7-4217-4776-83F2-789524BDA25F}.Release|x64.Build.0 = Release|Any CPU
		{612309E7-4217-4776-83F2-789524BDA25F}.Release|x86.ActiveCfg = Release|Any CPU
		{612309E7-4217-4776-83F2-789524BDA25F}.Release|x86.Build.0 = Release|Any CPU
		{B7CFC18D-71C6-438B-9915-4C57F8CBB96F}.Debug|Any CPU.ActiveCfg = Debug|Any CPU
		{B7CFC18D-71C6-438B-9915-4C57F8CBB96F}.Debug|Any CPU.Build.0 = Debug|Any CPU
		{B7CFC18D-71C6-438B-9915-4C57F8CBB96F}.Debug|ARM.ActiveCfg = Debug|Any CPU
		{B7CFC18D-71C6-438B-9915-4C57F8CBB96F}.Debug|ARM.Build.0 = Debug|Any CPU
		{B7CFC18D-71C6-438B-9915-4C57F8CBB96F}.Debug|ARM64.ActiveCfg = Debug|Any CPU
		{B7CFC18D-71C6-438B-9915-4C57F8CBB96F}.Debug|ARM64.Build.0 = Debug|Any CPU
		{B7CFC18D-71C6-438B-9915-4C57F8CBB96F}.Debug|x64.ActiveCfg = Debug|Any CPU
		{B7CFC18D-71C6-438B-9915-4C57F8CBB96F}.Debug|x64.Build.0 = Debug|Any CPU
		{B7CFC18D-71C6-438B-9915-4C57F8CBB96F}.Debug|x86.ActiveCfg = Debug|Any CPU
		{B7CFC18D-71C6-438B-9915-4C57F8CBB96F}.Debug|x86.Build.0 = Debug|Any CPU
		{B7CFC18D-71C6-438B-9915-4C57F8CBB96F}.Release|Any CPU.ActiveCfg = Release|Any CPU
		{B7CFC18D-71C6-438B-9915-4C57F8CBB96F}.Release|Any CPU.Build.0 = Release|Any CPU
		{B7CFC18D-71C6-438B-9915-4C57F8CBB96F}.Release|ARM.ActiveCfg = Release|Any CPU
		{B7CFC18D-71C6-438B-9915-4C57F8CBB96F}.Release|ARM.Build.0 = Release|Any CPU
		{B7CFC18D-71C6-438B-9915-4C57F8CBB96F}.Release|ARM64.ActiveCfg = Release|Any CPU
		{B7CFC18D-71C6-438B-9915-4C57F8CBB96F}.Release|ARM64.Build.0 = Release|Any CPU
		{B7CFC18D-71C6-438B-9915-4C57F8CBB96F}.Release|x64.ActiveCfg = Release|Any CPU
		{B7CFC18D-71C6-438B-9915-4C57F8CBB96F}.Release|x64.Build.0 = Release|Any CPU
		{B7CFC18D-71C6-438B-9915-4C57F8CBB96F}.Release|x86.ActiveCfg = Release|Any CPU
		{B7CFC18D-71C6-438B-9915-4C57F8CBB96F}.Release|x86.Build.0 = Release|Any CPU
	EndGlobalSection
	GlobalSection(SolutionProperties) = preSolution
		HideSolutionNode = FALSE
	EndGlobalSection
	GlobalSection(ExtensibilityGlobals) = postSolution
		SolutionGuid = {91B20EC2-986A-43CF-BB2A-D0384AEB600C}
	EndGlobalSection
EndGlobal
